
Microsoft Visual Studio Solution File, Format Version 12.00
Project("{2150E333-8FDC-42A3-9474-1A3956D46DE8}") = "src", "src", "{B512B908-5882-4105-BDAE-A5A342089AE8}"
EndProject
Project("{FAE04EC0-301F-11D3-BF4B-00C04F79EFBC}") = "01-Maze", "src\01-Maze\01-Maze\01-Maze.csproj", "{B4C691B8-C4A1-480D-A2C1-FB5513175E1E}"
EndProject
Project("{FAE04EC0-301F-11D3-BF4B-00C04F79EFBC}") = "02-NueralNetwork", "02-NueralNetwork\02-NueralNetwork.csproj", "{AA931340-2350-4156-AE92-5012070DBD29}"
EndProject
Project("{FAE04EC0-301F-11D3-BF4B-00C04F79EFBC}") = "03-ML", "03-ML\03-ML.csproj", "{8BA0B428-5C9E-4B20-ABB0-24D3B5299CE1}"
EndProject
Global
	GlobalSection(SolutionConfigurationPlatforms) = preSolution
		Debug|Any CPU = Debug|Any CPU
		Release|Any CPU = Release|Any CPU
	EndGlobalSection
	GlobalSection(NestedProjects) = preSolution
		{B4C691B8-C4A1-480D-A2C1-FB5513175E1E} = {B512B908-5882-4105-BDAE-A5A342089AE8}
		{AA931340-2350-4156-AE92-5012070DBD29} = {B512B908-5882-4105-BDAE-A5A342089AE8}
		{8BA0B428-5C9E-4B20-ABB0-24D3B5299CE1} = {B512B908-5882-4105-BDAE-A5A342089AE8}
	EndGlobalSection
	GlobalSection(ProjectConfigurationPlatforms) = postSolution
		{B4C691B8-C4A1-480D-A2C1-FB5513175E1E}.Debug|Any CPU.ActiveCfg = Debug|Any CPU
		{B4C691B8-C4A1-480D-A2C1-FB5513175E1E}.Debug|Any CPU.Build.0 = Debug|Any CPU
		{B4C691B8-C4A1-480D-A2C1-FB5513175E1E}.Release|Any CPU.ActiveCfg = Release|Any CPU
		{B4C691B8-C4A1-480D-A2C1-FB5513175E1E}.Release|Any CPU.Build.0 = Release|Any CPU
		{AA931340-2350-4156-AE92-5012070DBD29}.Debug|Any CPU.ActiveCfg = Debug|Any CPU
		{AA931340-2350-4156-AE92-5012070DBD29}.Debug|Any CPU.Build.0 = Debug|Any CPU
		{AA931340-2350-4156-AE92-5012070DBD29}.Release|Any CPU.ActiveCfg = Release|Any CPU
		{AA931340-2350-4156-AE92-5012070DBD29}.Release|Any CPU.Build.0 = Release|Any CPU
		{8BA0B428-5C9E-4B20-ABB0-24D3B5299CE1}.Debug|Any CPU.ActiveCfg = Debug|Any CPU
		{8BA0B428-5C9E-4B20-ABB0-24D3B5299CE1}.Debug|Any CPU.Build.0 = Debug|Any CPU
		{8BA0B428-5C9E-4B20-ABB0-24D3B5299CE1}.Release|Any CPU.ActiveCfg = Release|Any CPU
		{8BA0B428-5C9E-4B20-ABB0-24D3B5299CE1}.Release|Any CPU.Build.0 = Release|Any CPU
	EndGlobalSection
EndGlobal
